payload:
  # Converted from Quantumult X Filter
  # Rule Name: Apple
  # Converted At: 2026-05-15 21:29:13

  # NAME: Apple_Update_Block
  # AUTHOR: steak
  # TYPE: Quantumult X Filter
  # DESCRIPTION: Block iOS / iPadOS / macOS OTA update detection and download domains
  # SOURCE: User local OTA rules + blackmatrix7 SystemOTA rules
  # UPDATED: 2026-05-11
  #
  # ================================
  # 使用说明
  # ================================
  # 1. 文件名建议：Apple_Update_Block.list
  # 2. 适用于：Quantumult X [filter_remote]
  # 3. 策略名：iOS更新
  # 4. 推荐在 QX 远程规则中使用 force-policy=reject，直接拒绝这些 OTA 域名
  # 5. 必须放在 Apple.list 前面，否则 Apple 全量规则会先命中 OTA 域名
  #
  # QX 推荐订阅示例：
  # https://raw.githubusercontent.com/你的用户名/你的仓库/main/Rules/Apple_Update_Block.list, tag=iOS更新, force-policy=reject, update-interval=86400, opt-parser=false, enabled=true
  #
  # 如果你已经建了名为“iOS更新”的拒绝策略组，也可以用：
  # https://raw.githubusercontent.com/你的用户名/你的仓库/main/Rules/Apple_Update_Block.list, tag=iOS更新, force-policy=iOS更新, update-interval=86400, opt-parser=false, enabled=true
  #
  # ================================
  # 规则统计
  # ================================
  # HOST/HOST-SUFFIX: 92
  #
  - DOMAIN,mesu.apple.com
  - DOMAIN,gdmf.apple.com
  - DOMAIN,appldnld.apple.com
  - DOMAIN,updates-http.cdn-apple.com
  - DOMAIN,updates.cdn-apple.com
  - DOMAIN,swscan.apple.com
  - DOMAIN,swcdn.apple.com
  - DOMAIN,swdownload.apple.com
  - DOMAIN,swdist.apple.com
  - DOMAIN,bpapi.apple.com
  - DOMAIN,appldnld-cdn.apple.com.akadns.net
  - DOMAIN,appldnld-cdn.origin-apple.com.akadns.net
  - DOMAIN,appldnld-lb.apple.com.akadns.net
  - DOMAIN,appldnld.apple.com.akadns.net
  - DOMAIN,appldnld.apple.com.mwcname.com
  - DOMAIN,appldnld.g.aaplimg.com
  - DOMAIN,configuration.apple.com
  - DOMAIN,gdmf-cdn.apple.com.akadns.net
  - DOMAIN,gdmf-cdn.origin-apple.com.akadns.net
  - DOMAIN,gdmf-lb.apple.com.akadns.net
  - DOMAIN,gdmf.apple.com.akadns.net
  - DOMAIN,gdmf.apple.com.mwcname.com
  - DOMAIN,gdmf.g.aaplimg.com
  - DOMAIN,gg-cdn.apple.com.akadns.net
  - DOMAIN,gg-cdn.origin-apple.com.akadns.net
  - DOMAIN,gg-lb.apple.com.akadns.net
  - DOMAIN,gg.apple.com
  - DOMAIN,gg.apple.com.akadns.net
  - DOMAIN,gg.apple.com.mwcname.com
  - DOMAIN,gg.g.aaplimg.com
  - DOMAIN,gnf-mdn.apple.com
  - DOMAIN,gnf-mr.apple.com
  - DOMAIN,gs.apple.com
  - DOMAIN,ig.apple.com
  - DOMAIN,iphonesubmissions-cdn.apple.com.akadns.net
  - DOMAIN,iphonesubmissions-cdn.origin-apple.com.akadns.net
  - DOMAIN,iphonesubmissions-lb.apple.com.akadns.net
  - DOMAIN,iphonesubmissions.apple.com
  - DOMAIN,iphonesubmissions.apple.com.akadns.net
  - DOMAIN,iphonesubmissions.apple.com.mwcname.com
  - DOMAIN,iphonesubmissions.g.aaplimg.com
  - DOMAIN,mesu-cdn.apple.com.akadns.net
  - DOMAIN,mesu-cdn.origin-apple.com.akadns.net
  - DOMAIN,mesu-lb.apple.com.akadns.net
  - DOMAIN,mesu.apple.com.akadns.net
  - DOMAIN,mesu.apple.com.mwcname.com
  - DOMAIN,mesu.g.aaplimg.com
  - DOMAIN,ns.itunes.apple.com
  - DOMAIN,ocsp-cdn.apple.com.akadns.net
  - DOMAIN,ocsp-cdn.origin-apple.com.akadns.net
  - DOMAIN,ocsp-lb.apple.com.akadns.net
  - DOMAIN,ocsp.apple.com
  - DOMAIN,ocsp.apple.com.akadns.net
  - DOMAIN,ocsp.apple.com.mwcname.com
  - DOMAIN,ocsp.g.aaplimg.com
  - DOMAIN,oscdn.apple.com
  - DOMAIN,osrecovery.apple.com
  - DOMAIN,radarsubmissions-cdn.apple.com.akadns.net
  - DOMAIN,radarsubmissions-cdn.origin-apple.com.akadns.net
  - DOMAIN,radarsubmissions-lb.apple.com.akadns.net
  - DOMAIN,radarsubmissions.apple.com
  - DOMAIN,radarsubmissions.apple.com.akadns.net
  - DOMAIN,radarsubmissions.apple.com.mwcname.com
  - DOMAIN,radarsubmissions.g.aaplimg.com
  - DOMAIN,skl.apple.com
  - DOMAIN,swpost.apple.com
  - DOMAIN,swscan-cdn.apple.com.akadns.net
  - DOMAIN,swscan-cdn.origin-apple.com.akadns.net
  - DOMAIN,swscan-lb.apple.com.akadns.net
  - DOMAIN,swscan.apple.com.akadns.net
  - DOMAIN,swscan.apple.com.mwcname.com
  - DOMAIN,swscan.g.aaplimg.com
  - DOMAIN,xp-cdn.apple.com.akadns.net
  - DOMAIN,xp-cdn.origin-apple.com.akadns.net
  - DOMAIN,xp-lb.apple.com.akadns.net
  - DOMAIN,xp.apple.com
  - DOMAIN,xp.apple.com.akadns.net
  - DOMAIN,xp.apple.com.mwcname.com
  - DOMAIN,xp.g.aaplimg.com
  - DOMAIN-SUFFIX,appldnld-lb.apple.com.akadns.net
  - DOMAIN-SUFFIX,appldnld.apple.com
  - DOMAIN-SUFFIX,appldnld.apple.com.akadns.net
  - DOMAIN-SUFFIX,appldnld.g.aaplimg.com
  - DOMAIN-SUFFIX,gdmf.apple.com
  - DOMAIN-SUFFIX,gdmf.apple.com.akadns.net
  - DOMAIN-SUFFIX,mesu-cdn.apple.com.akadns.net
  - DOMAIN-SUFFIX,mesu-cdn.origin-apple.com.akadns.net
  - DOMAIN-SUFFIX,mesu.apple.com
  - DOMAIN-SUFFIX,mesu.g.aaplimg.com
  - DOMAIN-SUFFIX,ocsp-lb.apple.com.akadns.net
  - DOMAIN-SUFFIX,ocsp.apple.com
  - DOMAIN-SUFFIX,ocsp.g.aaplimg.com

  # Total Raw Rules: 92
  # Converted Rules: 92
  # Unsupported Rules: 0
